<Solution>
  <Folder Name="/src/">
    <Project Path="src/QuantKiller.Cli/QuantKiller.Cli.csproj" />
    <Project Path="src/QuantKiller.Core/QuantKiller.Core.csproj" />
  </Folder>
  <Folder Name="/tests/">
    <Project Path="tests/QuantKiller.Tests/QuantKiller.Tests.csproj" />
  </Folder>
</Solution>
